
Microsoft Visual Studio Solution File, Format Version 12.00
# Visual Studio Version 17
VisualStudioVersion = 17.5.33414.496
MinimumVisualStudioVersion = 10.0.40219.1
Project("{FAE04EC0-301F-11D3-BF4B-00C04F79EFBC}") = "language_prog_simu_6DOF", "language_prog_simu_6DOF.csproj", "{5B631293-2B3D-4DC1-BAE5-46365751C92A}"
EndProject
Global
	GlobalSection(SolutionConfigurationPlatforms) = preSolution
		Debug|Any CPU = Debug|Any CPU
		Release|Any CPU = Release|Any CPU
	EndGlobalSection
	GlobalSection(ProjectConfigurationPlatforms) = postSolution
		{5B631293-2B3D-4DC1-BAE5-46365751C92A}.Debug|Any CPU.ActiveCfg = Debug|Any CPU
		{5B631293-2B3D-4DC1-BAE5-46365751C92A}.Debug|Any CPU.Build.0 = Debug|Any CPU
		{5B631293-2B3D-4DC1-BAE5-46365751C92A}.Release|Any CPU.ActiveCfg = Release|Any CPU
		{5B631293-2B3D-4DC1-BAE5-46365751C92A}.Release|Any CPU.Build.0 = Release|Any CPU
	EndGlobalSection
	GlobalSection(SolutionProperties) = preSolution
		HideSolutionNode = FALSE
	EndGlobalSection
	GlobalSection(ExtensibilityGlobals) = postSolution
		SolutionGuid = {F84F3B5B-EB3F-463E-B200-A74912F80A67}
	EndGlobalSection
EndGlobal
